
Microsoft Visual Studio Solution File, Format Version 12.00
# Visual Studio Version 17
VisualStudioVersion = 17.12.35527.113 d17.12
MinimumVisualStudioVersion = 10.0.40219.1
Project("{FAE04EC0-301F-11D3-BF4B-00C04F79EFBC}") = "ProgramacionP3", "ProgramacionP3\ProgramacionP3.csproj", "{DAC618A8-E9C2-48F2-BFFF-B87B75CCEED8}"
EndProject
Global
	GlobalSection(SolutionConfigurationPlatforms) = preSolution
		Debug|Any CPU = Debug|Any CPU
		Release|Any CPU = Release|Any CPU
	EndGlobalSection
	GlobalSection(ProjectConfigurationPlatforms) = postSolution
		{DAC618A8-E9C2-48F2-BFFF-B87B75CCEED8}.Debug|Any CPU.ActiveCfg = Debug|Any CPU
		{DAC618A8-E9C2-48F2-BFFF-B87B75CCEED8}.Debug|Any CPU.Build.0 = Debug|Any CPU
		{DAC618A8-E9C2-48F2-BFFF-B87B75CCEED8}.Debug|Any CPU.Deploy.0 = Debug|Any CPU
		{DAC618A8-E9C2-48F2-BFFF-B87B75CCEED8}.Release|Any CPU.ActiveCfg = Release|Any CPU
		{DAC618A8-E9C2-48F2-BFFF-B87B75CCEED8}.Release|Any CPU.Build.0 = Release|Any CPU
	EndGlobalSection
	GlobalSection(SolutionProperties) = preSolution
		HideSolutionNode = FALSE
	EndGlobalSection
EndGlobal
